
Microsoft Visual Studio Solution File, Format Version 12.00
# Visual Studio Version 17
VisualStudioVersion = 17.8.34511.84
MinimumVisualStudioVersion = 10.0.40219.1
Project("{FAE04EC0-301F-11D3-BF4B-00C04F79EFBC}") = "Budgeting", "Budgeting\Budgeting.csproj", "{E3AED5CE-DD84-4011-90ED-9BDE8A9652A8}"
EndProject
Global
	GlobalSection(SolutionConfigurationPlatforms) = preSolution
		Debug|Any CPU = Debug|Any CPU
		Release|Any CPU = Release|Any CPU
	EndGlobalSection
	GlobalSection(ProjectConfigurationPlatforms) = postSolution
		{E3AED5CE-DD84-4011-90ED-9BDE8A9652A8}.Debug|Any CPU.ActiveCfg = Debug|Any CPU
		{E3AED5CE-DD84-4011-90ED-9BDE8A9652A8}.Debug|Any CPU.Build.0 = Debug|Any CPU
		{E3AED5CE-DD84-4011-90ED-9BDE8A9652A8}.Debug|Any CPU.Deploy.0 = Debug|Any CPU
		{E3AED5CE-DD84-4011-90ED-9BDE8A9652A8}.Release|Any CPU.ActiveCfg = Release|Any CPU
		{E3AED5CE-DD84-4011-90ED-9BDE8A9652A8}.Release|Any CPU.Build.0 = Release|Any CPU
		{E3AED5CE-DD84-4011-90ED-9BDE8A9652A8}.Release|Any CPU.Deploy.0 = Release|Any CPU
	EndGlobalSection
	GlobalSection(SolutionProperties) = preSolution
		HideSolutionNode = FALSE
	EndGlobalSection
	GlobalSection(ExtensibilityGlobals) = postSolution
		SolutionGuid = {9EAB56B1-9CF1-477E-B040-DE056B8AA32E}
	EndGlobalSection
EndGlobal
